
Microsoft Visual Studio Solution File, Format Version 12.00
# Visual Studio Version 16
VisualStudioVersion = 16.0.30804.86
MinimumVisualStudioVersion = 10.0.40219.1
Project("{FAE04EC0-301F-11D3-BF4B-00C04F79EFBC}") = "aspnet-todo-list", "aspnet-todo-list\aspnet-todo-list.csproj", "{547C9DFC-0877-4B3E-AB3D-018AD7F0B26D}"
EndProject
Global
	GlobalSection(SolutionConfigurationPlatforms) = preSolution
		Debug|Any CPU = Debug|Any CPU
		Release|Any CPU = Release|Any CPU
	EndGlobalSection
	GlobalSection(ProjectConfigurationPlatforms) = postSolution
		{547C9DFC-0877-4B3E-AB3D-018AD7F0B26D}.Debug|Any CPU.ActiveCfg = Debug|Any CPU
		{547C9DFC-0877-4B3E-AB3D-018AD7F0B26D}.Debug|Any CPU.Build.0 = Debug|Any CPU
		{547C9DFC-0877-4B3E-AB3D-018AD7F0B26D}.Release|Any CPU.ActiveCfg = Release|Any CPU
		{547C9DFC-0877-4B3E-AB3D-018AD7F0B26D}.Release|Any CPU.Build.0 = Release|Any CPU
	EndGlobalSection
	GlobalSection(SolutionProperties) = preSolution
		HideSolutionNode = FALSE
	EndGlobalSection
	GlobalSection(ExtensibilityGlobals) = postSolution
		SolutionGuid = {A8F55C4E-5911-4868-9FA4-42115A418B1B}
	EndGlobalSection
EndGlobal
